// !$*UTF8*$!
{
	archiveVersion = 1;
	classes = {
	};
	objectVersion = 50;
	objects = {

/* Begin PBXBuildFile section */
		18461692243C392100FEA074 /* AppDelegate.m in Sources */ = {isa = PBXBuildFile; fileRef = 18461691243C392100FEA074 /* AppDelegate.m */; };
		18461695243C392100FEA074 /* SceneDelegate.m in Sources */ = {isa = PBXBuildFile; fileRef = 18461694243C392100FEA074 /* SceneDelegate.m */; };
		18461698243C392100FEA074 /* ViewController.m in Sources */ = {isa = PBXBuildFile; fileRef = 18461697243C392100FEA074 /* ViewController.m */; };
		1846169B243C392100FEA074 /* Main.storyboard in Resources */ = {isa = PBXBuildFile; fileRef = 18461699243C392100FEA074 /* Main.storyboard */; };
		1846169D243C392C00FEA074 /* Assets.xcassets in Resources */ = {isa = PBXBuildFile; fileRef = 1846169C243C392C00FEA074 /* Assets.xcassets */; };
		184616A0243C392C00FEA074 /* LaunchScreen.storyboard in Resources */ = {isa = PBXBuildFile; fileRef = 1846169E243C392C00FEA074 /* LaunchScreen.storyboard */; };
		184616A3243C392C00FEA074 /* main.m in Sources */ = {isa = PBXBuildFile; fileRef = 184616A2243C392C00FEA074 /* main.m */; };
		184616AD243C392C00FEA074 /* CalculatorTests.m in Sources */ = {isa = PBXBuildFile; fileRef = 184616AC243C392C00FEA074 /* CalculatorTests.m */; };
		184616B8243C392D00FEA074 /* CalculatorUITests.m in Sources */ = {isa = PBXBuildFile; fileRef = 184616B7243C392D00FEA074 /* CalculatorUITests.m */; };
/* End PBXBuildFile section */

/* Begin PBXContainerItemProxy section */
		184616A9243C392C00FEA074 /* PBXContainerItemProxy */ = {
			isa = PBXContainerItemProxy;
			containerPortal = 18461685243C392000FEA074 /* Project object */;
			proxyType = 1;
			remoteGlobalIDString = 1846168C243C392000FEA074;
			remoteInfo = Calculator;
		};
		184616B4243C392D00FEA074 /* PBXContainerItemProxy */ = {
			isa = PBXContainerItemProxy;
			containerPortal = 18461685243C392000FEA074 /* Project object */;
			proxyType = 1;
			remoteGlobalIDString = 1846168C243C392000FEA074;
			remoteInfo = Calculator;
		};
/* End PBXContainerItemProxy section */

/* Begin PBXFileReference section */
		1846168D243C392000FEA074 /* Calculator.app */ = {isa = PBXFileReference; explicitFileType = wrapper.application; includeInIndex = 0; path = Calculator.app; sourceTree = BUILT_PRODUCTS_DIR; };
		18461690243C392100FEA074 /* AppDelegate.h */ = {isa = PBXFileReference; lastKnownFileType = sourcecode.c.h; path = AppDelegate.h; sourceTree = "<group>"; };
		18461691243C392100FEA074 /* AppDelegate.m */ = {isa = PBXFileReference; lastKnownFileType = sourcecode.c.objc; path = AppDelegate.m; sourceTree = "<group>"; };
		18461693243C392100FEA074 /* SceneDelegate.h */ = {isa = PBXFileReference; lastKnownFileType = sourcecode.c.h; path = SceneDelegate.h; sourceTree = "<group>"; };
		18461694243C392100FEA074 /* SceneDelegate.m */ = {isa = PBXFileReference; lastKnownFileType = sourcecode.c.objc; path = SceneDelegate.m; sourceTree = "<group>"; };
		18461696243C392100FEA074 /* ViewController.h */ = {isa = PBXFileReference; lastKnownFileType = sourcecode.c.h; path = ViewController.h; sourceTree = "<group>"; };
		18461697243C392100FEA074 /* ViewController.m */ = {isa = PBXFileReference; lastKnownFileType = sourcecode.c.objc; path = ViewController.m; sourceTree = "<group>"; };
		1846169A243C392100FEA074 /* Base */ = {isa = PBXFileReference; lastKnownFileType = file.storyboard; name = Base; path = Base.lproj/Main.storyboard; sourceTree = "<group>"; };
		1846169C243C392C00FEA074 /* Assets.xcassets */ = {isa = PBXFileReference; lastKnownFileType = folder.assetcatalog; path = Assets.xcassets; sourceTree = "<group>"; };
		1846169F243C392C00FEA074 /* Base */ = {isa = PBXFileReference; lastKnownFileType = file.storyboard; name = Base; path = Base.lproj/LaunchScreen.storyboard; sourceTree = "<group>"; };
		184616A1243C392C00FEA074 /* Info.plist */ = {isa = PBXFileReference; lastKnownFileType = text.plist.xml; path = Info.plist; sourceTree = "<group>"; };
		184616A2243C392C00FEA074 /* main.m */ = {isa = PBXFileReference; lastKnownFileType = sourcecode.c.objc; path = main.m; sourceTree = "<group>"; };
		184616A8243C392C00FEA074 /* CalculatorTests.xctest */ = {isa = PBXFileReference; explicitFileType = wrapper.cfbundle; includeInIndex = 0; path = CalculatorTests.xctest; sourceTree = BUILT_PRODUCTS_DIR; };
		184616AC243C392C00FEA074 /* CalculatorTests.m */ = {isa = PBXFileReference; lastKnownFileType = sourcecode.c.objc; path = CalculatorTests.m; sourceTree = "<group>"; };
		184616AE243C392C00FEA074 /* Info.plist */ = {isa = PBXFileReference; lastKnownFileType = text.plist.xml; path = Info.plist; sourceTree = "<group>"; };
		184616B3243C392D00FEA074 /* CalculatorUITests.xctest */ = {isa = PBXFileReference; explicitFileType = wrapper.cfbundle; includeInIndex = 0; path = CalculatorUITests.xctest; sourceTree = BUILT_PRODUCTS_DIR; };
		184616B7243C392D00FEA074 /* CalculatorUITests.m */ = {isa = PBXFileReference; lastKnownFileType = sourcecode.c.objc; path = CalculatorUITests.m; sourceTree = "<group>"; };
		184616B9243C392D00FEA074 /* Info.plist */ = {isa = PBXFileReference; lastKnownFileType = text.plist.xml; path = Info.plist; sourceTree = "<group>"; };
/* End PBXFileReference section */

/* Begin PBXFrameworksBuildPhase section */
		1846168A243C392000FEA074 /* Frameworks */ = {
			isa = PBXFrameworksBuildPhase;
			buildActionMask = 2147483647;
			files = (
			);
			runOnlyForDeploymentPostprocessing = 0;
		};
		184616A5243C392C00FEA074 /* Frameworks */ = {
			isa = PBXFrameworksBuildPhase;
			buildActionMask = 2147483647;
			files = (
			);
			runOnlyForDeploymentPostprocessing = 0;
		};
		184616B0243C392D00FEA074 /* Frameworks */ = {
			isa = PBXFrameworksBuildPhase;
			buildActionMask = 2147483647;
			files = (
			);
			runOnlyForDeploymentPostprocessing = 0;
		};
/* End PBXFrameworksBuildPhase section */

/* Begin PBXGroup section */
		18461684243C392000FEA074 = {
			isa = PBXGroup;
			children = (
				1846168F243C392000FEA074 /* Calculator */,
				184616AB243C392C00FEA074 /* CalculatorTests */,
				184616B6243C392D00FEA074 /* CalculatorUITests */,
				1846168E243C392000FEA074 /* Products */,
			);
			sourceTree = "<group>";
		};
		1846168E243C392000FEA074 /* Products */ = {
			isa = PBXGroup;
			children = (
				1846168D243C392000FEA074 /* Calculator.app */,
				184616A8243C392C00FEA074 /* CalculatorTests.xctest */,
				184616B3243C392D00FEA074 /* CalculatorUITests.xctest */,
			);
			name = Products;
			sourceTree = "<group>";
		};
		1846168F243C392000FEA074 /* Calculator */ = {
			isa = PBXGroup;
			children = (
				18461690243C392100FEA074 /* AppDelegate.h */,
				18461691243C392100FEA074 /* AppDelegate.m */,
				18461693243C392100FEA074 /* SceneDelegate.h */,
				18461694243C392100FEA074 /* SceneDelegate.m */,
				18461696243C392100FEA074 /* ViewController.h */,
				18461697243C392100FEA074 /* ViewController.m */,
				18461699243C392100FEA074 /* Main.storyboard */,
				1846169C243C392C00FEA074 /* Assets.xcassets */,
				1846169E243C392C00FEA074 /* LaunchScreen.storyboard */,
				184616A1243C392C00FEA074 /* Info.plist */,
				184616A2243C392C00FEA074 /* main.m */,
			);
			path = Calculator;
			sourceTree = "<group>";
		};
		184616AB243C392C00FEA074 /* CalculatorTests */ = {
			isa = PBXGroup;
			children = (
				184616AC243C392C00FEA074 /* CalculatorTests.m */,
				184616AE243C392C00FEA074 /* Info.plist */,
			);
			path = CalculatorTests;
			sourceTree = "<group>";
		};
		184616B6243C392D00FEA074 /* CalculatorUITests */ = {
			isa = PBXGroup;
			children = (
				184616B7243C392D00FEA074 /* CalculatorUITests.m */,
				184616B9243C392D00FEA074 /* Info.plist */,
			);
			path = CalculatorUITests;
			sourceTree = "<group>";
		};
/* End PBXGroup section */

/* Begin PBXNativeTarget section */
		1846168C243C392000FEA074 /* Calculator */ = {
			isa = PBXNativeTarget;
			buildConfigurationList = 184616BC243C392D00FEA074 /* Build configuration list for PBXNativeTarget "Calculator" */;
			buildPhases = (
				18461689243C392000FEA074 /* Sources */,
				1846168A243C392000FEA074 /* Frameworks */,
				1846168B243C392000FEA074 /* Resources */,
			);
			buildRules = (
			);
			dependencies = (
			);
			name = Calculator;
			productName = Calculator;
			productReference = 1846168D243C392000FEA074 /* Calculator.app */;
			productType = "com.apple.product-type.application";
		};
		184616A7243C392C00FEA074 /* CalculatorTests */ = {
			isa = PBXNativeTarget;
			buildConfigurationList = 184616BF243C392D00FEA074 /* Build configuration list for PBXNativeTarget "CalculatorTests" */;
			buildPhases = (
				184616A4243C392C00FEA074 /* Sources */,
				184616A5243C392C00FEA074 /* Frameworks */,
				184616A6243C392C00FEA074 /* Resources */,
			);
			buildRules = (
			);
			dependencies = (
				184616AA243C392C00FEA074 /* PBXTargetDependency */,
			);
			name = CalculatorTests;
			productName = CalculatorTests;
			productReference = 184616A8243C392C00FEA074 /* CalculatorTests.xctest */;
			productType = "com.apple.product-type.bundle.unit-test";
		};
		184616B2243C392D00FEA074 /* CalculatorUITests */ = {
			isa = PBXNativeTarget;
			buildConfigurationList = 184616C2243C392D00FEA074 /* Build configuration list for PBXNativeTarget "CalculatorUITests" */;
			buildPhases = (
				184616AF243C392D00FEA074 /* Sources */,
				184616B0243C392D00FEA074 /* Frameworks */,
				184616B1243C392D00FEA074 /* Resources */,
			);
			buildRules = (
			);
			dependencies = (
				184616B5243C392D00FEA074 /* PBXTargetDependency */,
			);
			name = CalculatorUITests;
			productName = CalculatorUITests;
			productReference = 184616B3243C392D00FEA074 /* CalculatorUITests.xctest */;
			productType = "com.apple.product-type.bundle.ui-testing";
		};
/* End PBXNativeTarget section */

/* Begin PBXProject section */
		18461685243C392000FEA074 /* Project object */ = {
			isa = PBXProject;
			attributes = {
				LastUpgradeCheck = 1140;
				ORGANIZATIONNAME = "eyal avisar";
				TargetAttributes = {
					1846168C243C392000FEA074 = {
						CreatedOnToolsVersion = 11.4;
					};
					184616A7243C392C00FEA074 = {
						CreatedOnToolsVersion = 11.4;
						TestTargetID = 1846168C243C392000FEA074;
					};
					184616B2243C392D00FEA074 = {
						CreatedOnToolsVersion = 11.4;
						TestTargetID = 1846168C243C392000FEA074;
					};
				};
			};
			buildConfigurationList = 18461688243C392000FEA074 /* Build configuration list for PBXProject "Calculator" */;
			compatibilityVersion = "Xcode 9.3";
			developmentRegion = en;
			hasScannedForEncodings = 0;
			knownRegions = (
				en,
				Base,
			);
			mainGroup = 18461684243C392000FEA074;
			productRefGroup = 1846168E243C392000FEA074 /* Products */;
			projectDirPath = "";
			projectRoot = "";
			targets = (
				1846168C243C392000FEA074 /* Calculator */,
				184616A7243C392C00FEA074 /* CalculatorTests */,
				184616B2243C392D00FEA074 /* CalculatorUITests */,
			);
		};
/* End PBXProject section */

/* Begin PBXResourcesBuildPhase section */
		1846168B243C392000FEA074 /* Resources */ = {
			isa = PBXResourcesBuildPhase;
			buildActionMask = 2147483647;
			files = (
				184616A0243C392C00FEA074 /* LaunchScreen.storyboard in Resources */,
				1846169D243C392C00FEA074 /* Assets.xcassets in Resources */,
				1846169B243C392100FEA074 /* Main.storyboard in Resources */,
			);
			runOnlyForDeploymentPostprocessing = 0;
		};
		184616A6243C392C00FEA074 /* Resources */ = {
			isa = PBXResourcesBuildPhase;
			buildActionMask = 2147483647;
			files = (
			);
			runOnlyForDeploymentPostprocessing = 0;
		};
		184616B1243C392D00FEA074 /* Resources */ = {
			isa = PBXResourcesBuildPhase;
			buildActionMask = 2147483647;
			files = (
			);
			runOnlyForDeploymentPostprocessing = 0;
		};
/* End PBXResourcesBuildPhase section */

/* Begin PBXSourcesBuildPhase section */
		18461689243C392000FEA074 /* Sources */ = {
			isa = PBXSourcesBuildPhase;
			buildActionMask = 2147483647;
			files = (
				18461698243C392100FEA074 /* ViewController.m in Sources */,
				18461692243C392100FEA074 /* AppDelegate.m in Sources */,
				184616A3243C392C00FEA074 /* main.m in Sources */,
				18461695243C392100FEA074 /* SceneDelegate.m in Sources */,
			);
			runOnlyForDeploymentPostprocessing = 0;
		};
		184616A4243C392C00FEA074 /* Sources */ = {
			isa = PBXSourcesBuildPhase;
			buildActionMask = 2147483647;
			files = (
				184616AD243C392C00FEA074 /* CalculatorTests.m in Sources */,
			);
			runOnlyForDeploymentPostprocessing = 0;
		};
		184616AF243C392D00FEA074 /* Sources */ = {
			isa = PBXSourcesBuildPhase;
			buildActionMask = 2147483647;
			files = (
				184616B8243C392D00FEA074 /* CalculatorUITests.m in Sources */,
			);
			runOnlyForDeploymentPostprocessing = 0;
		};
/* End PBXSourcesBuildPhase section */

/* Begin PBXTargetDependency section */
		184616AA243C392C00FEA074 /* PBXTargetDependency */ = {
			isa = PBXTargetDependency;
			target = 1846168C243C392000FEA074 /* Calculator */;
			targetProxy = 184616A9243C392C00FEA074 /* PBXContainerItemProxy */;
		};
		184616B5243C392D00FEA074 /* PBXTargetDependency */ = {
			isa = PBXTargetDependency;
			target = 1846168C243C392000FEA074 /* Calculator */;
			targetProxy = 184616B4243C392D00FEA074 /* PBXContainerItemProxy */;
		};
/* End PBXTargetDependency section */

/* Begin PBXVariantGroup section */
		18461699243C392100FEA074 /* Main.storyboard */ = {
			isa = PBXVariantGroup;
			children = (
				1846169A243C392100FEA074 /* Base */,
			);
			name = Main.storyboard;
			sourceTree = "<group>";
		};
		1846169E243C392C00FEA074 /* LaunchScreen.storyboard */ = {
			isa = PBXVariantGroup;
			children = (
				1846169F243C392C00FEA074 /* Base */,
			);
			name = LaunchScreen.storyboard;
			sourceTree = "<group>";
		};
/* End PBXVariantGroup section */

/* Begin XCBuildConfiguration section */
		184616BA243C392D00FEA074 /* Debug */ = {
			isa = XCBuildConfiguration;
			buildSettings = {
				ALWAYS_SEARCH_USER_PATHS = NO;
				CLANG_ANALYZER_NONNULL = YES;
				CLANG_ANALYZER_NUMBER_OBJECT_CONVERSION = YES_AGGRESSIVE;
				CLANG_CXX_LANGUAGE_STANDARD = "gnu++14";
				CLANG_CXX_LIBRARY = "libc++";
				CLANG_ENABLE_MODULES = YES;
				CLANG_ENABLE_OBJC_ARC = YES;
				CLANG_ENABLE_OBJC_WEAK = YES;
				CLANG_WARN_BLOCK_CAPTURE_AUTORELEASING = YES;
				CLANG_WARN_BOOL_CONVERSION = YES;
				CLANG_WARN_COMMA = YES;
				CLANG_WARN_CONSTANT_CONVERSION = YES;
				CLANG_WARN_DEPRECATED_OBJC_IMPLEMENTATIONS = YES;
				CLANG_WARN_DIRECT_OBJC_ISA_USAGE = YES_ERROR;
				CLANG_WARN_DOCUMENTATION_COMMENTS = YES;
				CLANG_WARN_EMPTY_BODY = YES;
				CLANG_WARN_ENUM_CONVERSION = YES;
				CLANG_WARN_INFINITE_RECURSION = YES;
				CLANG_WARN_INT_CONVERSION = YES;
				CLANG_WARN_NON_LITERAL_NULL_CONVERSION = YES;
				CLANG_WARN_OBJC_IMPLICIT_RETAIN_SELF = YES;
				CLANG_WARN_OBJC_LITERAL_CONVERSION = YES;
				CLANG_WARN_OBJC_ROOT_CLASS = YES_ERROR;
				CLANG_WARN_RANGE_LOOP_ANALYSIS = YES;
				CLANG_WARN_STRICT_PROTOTYPES = YES;
				CLANG_WARN_SUSPICIOUS_MOVE = YES;
				CLANG_WARN_UNGUARDED_AVAILABILITY = YES_AGGRESSIVE;
				CLANG_WARN_UNREACHABLE_CODE = YES;
				CLANG_WARN__DUPLICATE_METHOD_MATCH = YES;
				COPY_PHASE_STRIP = NO;
				DEBUG_INFORMATION_FORMAT = dwarf;
				ENABLE_STRICT_OBJC_MSGSEND = YES;
				ENABLE_TESTABILITY = YES;
				GCC_C_LANGUAGE_STANDARD = gnu11;
				GCC_DYNAMIC_NO_PIC = NO;
				GCC_NO_COMMON_BLOCKS = YES;
				GCC_OPTIMIZATION_LEVEL = 0;
				GCC_PREPROCESSOR_DEFINITIONS = (
					"DEBUG=1",
					"$(inherited)",
				);
				GCC_WARN_64_TO_32_BIT_CONVERSION = YES;
				GCC_WARN_ABOUT_RETURN_TYPE = YES_ERROR;
				GCC_WARN_UNDECLARED_SELECTOR = YES;
				GCC_WARN_UNINITIALIZED_AUTOS = YES_AGGRESSIVE;
				GCC_WARN_UNUSED_FUNCTION = YES;
				GCC_WARN_UNUSED_VARIABLE = YES;
				IPHONEOS_DEPLOYMENT_TARGET = 13.4;
				MTL_ENABLE_DEBUG_INFO = INCLUDE_SOURCE;
				MTL_FAST_MATH = YES;
				ONLY_ACTIVE_ARCH = YES;
				SDKROOT = iphoneos;
			};
			name = Debug;
		};
		184616BB243C392D00FEA074 /* Release */ = {
			isa = XCBuildConfiguration;
			buildSettings = {
				ALWAYS_SEARCH_USER_PATHS = NO;
				CLANG_ANALYZER_NONNULL = YES;
				CLANG_ANALYZER_NUMBER_OBJECT_CONVERSION = YES_AGGRESSIVE;
				CLANG_CXX_LANGUAGE_STANDARD = "gnu++14";
				CLANG_CXX_LIBRARY = "libc++";
				CLANG_ENABLE_MODULES = YES;
				CLANG_ENABLE_OBJC_ARC = YES;
				CLANG_ENABLE_OBJC_WEAK = YES;
				CLANG_WARN_BLOCK_CAPTURE_AUTORELEASING = YES;
				CLANG_WARN_BOOL_CONVERSION = YES;
				CLANG_WARN_COMMA = YES;
				CLANG_WARN_CONSTANT_CONVERSION = YES;
				CLANG_WARN_DEPRECATED_OBJC_IMPLEMENTATIONS = YES;
				CLANG_WARN_DIRECT_OBJC_ISA_USAGE = YES_ERROR;
				CLANG_WARN_DOCUMENTATION_COMMENTS = YES;
				CLANG_WARN_EMPTY_BODY = YES;
				CLANG_WARN_ENUM_CONVERSION = YES;
				CLANG_WARN_INFINITE_RECURSION = YES;
				CLANG_WARN_INT_CONVERSION = YES;
				CLANG_WARN_NON_LITERAL_NULL_CONVERSION = YES;
				CLANG_WARN_OBJC_IMPLICIT_RETAIN_SELF = YES;
				CLANG_WARN_OBJC_LITERAL_CONVERSION = YES;
				CLANG_WARN_OBJC_ROOT_CLASS = YES_ERROR;
				CLANG_WARN_RANGE_LOOP_ANALYSIS = YES;
				CLANG_WARN_STRICT_PROTOTYPES = YES;
				CLANG_WARN_SUSPICIOUS_MOVE = YES;
				CLANG_WARN_UNGUARDED_AVAILABILITY = YES_AGGRESSIVE;
				CLANG_WARN_UNREACHABLE_CODE = YES;
				CLANG_WARN__DUPLICATE_METHOD_MATCH = YES;
				COPY_PHASE_STRIP = NO;
				DEBUG_INFORMATION_FORMAT = "dwarf-with-dsym";
				ENABLE_NS_ASSERTIONS = NO;
				ENABLE_STRICT_OBJC_MSGSEND = YES;
				GCC_C_LANGUAGE_STANDARD = gnu11;
				GCC_NO_COMMON_BLOCKS = YES;
				GCC_WARN_64_TO_32_BIT_CONVERSION = YES;
				GCC_WARN_ABOUT_RETURN_TYPE = YES_ERROR;
				GCC_WARN_UNDECLARED_SELECTOR = YES;
				GCC_WARN_UNINITIALIZED_AUTOS = YES_AGGRESSIVE;
				GCC_WARN_UNUSED_FUNCTION = YES;
				GCC_WARN_UNUSED_VARIABLE = YES;
				IPHONEOS_DEPLOYMENT_TARGET = 13.4;
				MTL_ENABLE_DEBUG_INFO = NO;
				MTL_FAST_MATH = YES;
				SDKROOT = iphoneos;
				VALIDATE_PRODUCT = YES;
			};
			name = Release;
		};
		184616BD243C392D00FEA074 /* Debug */ = {
			isa = XCBuildConfiguration;
			buildSettings = {
				ASSETCATALOG_COMPILER_APPICON_NAME = AppIcon;
				CODE_SIGN_STYLE = Automatic;
				INFOPLIST_FILE = Calculator/Info.plist;
				LD_RUNPATH_SEARCH_PATHS = (
					"$(inherited)",
					"@executable_path/Frameworks",
				);
				PRODUCT_BUNDLE_IDENTIFIER = il.co.hyperactive.Calculator;
				PRODUCT_NAME = "$(TARGET_NAME)";
				TARGETED_DEVICE_FAMILY = "1,2";
			};
			name = Debug;
		};
		184616BE243C392D00FEA074 /* Release */ = {
			isa = XCBuildConfiguration;
			buildSettings = {
				ASSETCATALOG_COMPILER_APPICON_NAME = AppIcon;
				CODE_SIGN_STYLE = Automatic;
				INFOPLIST_FILE = Calculator/Info.plist;
				LD_RUNPATH_SEARCH_PATHS = (
					"$(inherited)",
					"@executable_path/Frameworks",
				);
				PRODUCT_BUNDLE_IDENTIFIER = il.co.hyperactive.Calculator;
				PRODUCT_NAME = "$(TARGET_NAME)";
				TARGETED_DEVICE_FAMILY = "1,2";
			};
			name = Release;
		};
		184616C0243C392D00FEA074 /* Debug */ = {
			isa = XCBuildConfiguration;
			buildSettings = {
				BUNDLE_LOADER = "$(TEST_HOST)";
				CODE_SIGN_STYLE = Automatic;
				INFOPLIST_FILE = CalculatorTests/Info.plist;
				IPHONEOS_DEPLOYMENT_TARGET = 13.4;
				LD_RUNPATH_SEARCH_PATHS = (
					"$(inherited)",
					"@executable_path/Frameworks",
					"@loader_path/Frameworks",
				);
				PRODUCT_BUNDLE_IDENTIFIER = il.co.hyperactive.CalculatorTests;
				PRODUCT_NAME = "$(TARGET_NAME)";
				TARGETED_DEVICE_FAMILY = "1,2";
				TEST_HOST = "$(BUILT_PRODUCTS_DIR)/Calculator.app/Calculator";
			};
			name = Debug;
		};
		184616C1243C392D00FEA074 /* Release */ = {
			isa = XCBuildConfiguration;
			buildSettings = {
				BUNDLE_LOADER = "$(TEST_HOST)";
				CODE_SIGN_STYLE = Automatic;
				INFOPLIST_FILE = CalculatorTests/Info.plist;
				IPHONEOS_DEPLOYMENT_TARGET = 13.4;
				LD_RUNPATH_SEARCH_PATHS = (
					"$(inherited)",
					"@executable_path/Frameworks",
					"@loader_path/Frameworks",
				);
				PRODUCT_BUNDLE_IDENTIFIER = il.co.hyperactive.CalculatorTests;
				PRODUCT_NAME = "$(TARGET_NAME)";
				TARGETED_DEVICE_FAMILY = "1,2";
				TEST_HOST = "$(BUILT_PRODUCTS_DIR)/Calculator.app/Calculator";
			};
			name = Release;
		};
		184616C3243C392D00FEA074 /* Debug */ = {
			isa = XCBuildConfiguration;
			buildSettings = {
				CODE_SIGN_STYLE = Automatic;
				INFOPLIST_FILE = CalculatorUITests/Info.plist;
				LD_RUNPATH_SEARCH_PATHS = (
					"$(inherited)",
					"@executable_path/Frameworks",
					"@loader_path/Frameworks",
				);
				PRODUCT_BUNDLE_IDENTIFIER = il.co.hyperactive.CalculatorUITests;
				PRODUCT_NAME = "$(TARGET_NAME)";
				TARGETED_DEVICE_FAMILY = "1,2";
				TEST_TARGET_NAME = Calculator;
			};
			name = Debug;
		};
		184616C4243C392D00FEA074 /* Release */ = {
			isa = XCBuildConfiguration;
			buildSettings = {
				CODE_SIGN_STYLE = Automatic;
				INFOPLIST_FILE = CalculatorUITests/Info.plist;
				LD_RUNPATH_SEARCH_PATHS = (
					"$(inherited)",
					"@executable_path/Frameworks",
					"@loader_path/Frameworks",
				);
				PRODUCT_BUNDLE_IDENTIFIER = il.co.hyperactive.CalculatorUITests;
				PRODUCT_NAME = "$(TARGET_NAME)";
				TARGETED_DEVICE_FAMILY = "1,2";
				TEST_TARGET_NAME = Calculator;
			};
			name = Release;
		};
/* End XCBuildConfiguration section */

/* Begin XCConfigurationList section */
		18461688243C392000FEA074 /* Build configuration list for PBXProject "Calculator" */ = {
			isa = XCConfigurationList;
			buildConfigurations = (
				184616BA243C392D00FEA074 /* Debug */,
				184616BB243C392D00FEA074 /* Release */,
			);
			defaultConfigurationIsVisible = 0;
			defaultConfigurationName = Release;
		};
		184616BC243C392D00FEA074 /* Build configuration list for PBXNativeTarget "Calculator" */ = {
			isa = XCConfigurationList;
			buildConfigurations = (
				184616BD243C392D00FEA074 /* Debug */,
				184616BE243C392D00FEA074 /* Release */,
			);
			defaultConfigurationIsVisible = 0;
			defaultConfigurationName = Release;
		};
		184616BF243C392D00FEA074 /* Build configuration list for PBXNativeTarget "CalculatorTests" */ = {
			isa = XCConfigurationList;
			buildConfigurations = (
				184616C0243C392D00FEA074 /* Debug */,
				184616C1243C392D00FEA074 /* Release */,
			);
			defaultConfigurationIsVisible = 0;
			defaultConfigurationName = Release;
		};
		184616C2243C392D00FEA074 /* Build configuration list for PBXNativeTarget "CalculatorUITests" */ = {
			isa = XCConfigurationList;
			buildConfigurations = (
				184616C3243C392D00FEA074 /* Debug */,
				184616C4243C392D00FEA074 /* Release */,
			);
			defaultConfigurationIsVisible = 0;
			defaultConfigurationName = Release;
		};
/* End XCConfigurationList section */
	};
	rootObject = 18461685243C392000FEA074 /* Project object */;
}
